// !$*UTF8*$!
{
	archiveVersion = 1;
	classes = {
	};
	objectVersion = 55;
	objects = {

/* Begin PBXBuildFile section */
		0B0518E1291B3E9F0056EC90 /* ClassViewController.swift in Sources */ = {isa = PBXBuildFile; fileRef = 0B0518E0291B3E9F0056EC90 /* ClassViewController.swift */; };
		133D4C66293DB3970047DC94 /* Utilities in Resources */ = {isa = PBXBuildFile; fileRef = 133D4C65293DB3970047DC94 /* Utilities */; };
		133D4C68293DB4800047DC94 /* DataModel in Resources */ = {isa = PBXBuildFile; fileRef = 133D4C67293DB4800047DC94 /* DataModel */; };
		133D4C6A293DB4A50047DC94 /* ARScene in Resources */ = {isa = PBXBuildFile; fileRef = 133D4C69293DB4A50047DC94 /* ARScene */; };
		133D4C6C293DB4E60047DC94 /* AppStateController in Resources */ = {isa = PBXBuildFile; fileRef = 133D4C6B293DB4E50047DC94 /* AppStateController */; };
		133D4C6E293DB5170047DC94 /* Settings in Resources */ = {isa = PBXBuildFile; fileRef = 133D4C6D293DB5170047DC94 /* Settings */; };
		133D4C77293DC0240047DC94 /* Sumers Welcome Center.usdz in Resources */ = {isa = PBXBuildFile; fileRef = 133D4C72293DC0230047DC94 /* Sumers Welcome Center.usdz */; };
		133D4C78293DC0240047DC94 /* Weil Hall.usdz in Resources */ = {isa = PBXBuildFile; fileRef = 133D4C73293DC0230047DC94 /* Weil Hall.usdz */; };
		133D4C79293DC0240047DC94 /* Parkside Cafe.usdz in Resources */ = {isa = PBXBuildFile; fileRef = 133D4C74293DC0230047DC94 /* Parkside Cafe.usdz */; };
		133D4C7A293DC0240047DC94 /* Hillman Hall.usdz in Resources */ = {isa = PBXBuildFile; fileRef = 133D4C75293DC0240047DC94 /* Hillman Hall.usdz */; };
		133D4C7B293DC0240047DC94 /* Kemper.usdz in Resources */ = {isa = PBXBuildFile; fileRef = 133D4C76293DC0240047DC94 /* Kemper.usdz */; };
		133D4C81293DC0430047DC94 /* Rudolph Hall.usdz in Resources */ = {isa = PBXBuildFile; fileRef = 133D4C7C293DC0430047DC94 /* Rudolph Hall.usdz */; };
		133D4C82293DC0430047DC94 /* Ridgley Hall.usdz in Resources */ = {isa = PBXBuildFile; fileRef = 133D4C7D293DC0430047DC94 /* Ridgley Hall.usdz */; };
		133D4C83293DC0430047DC94 /* Cupples.usdz in Resources */ = {isa = PBXBuildFile; fileRef = 133D4C7E293DC0430047DC94 /* Cupples.usdz */; };
		133D4C84293DC0430047DC94 /* Whitaker Hall.usdz in Resources */ = {isa = PBXBuildFile; fileRef = 133D4C7F293DC0430047DC94 /* Whitaker Hall.usdz */; };
		133D4C85293DC0430047DC94 /* Busch.usdz in Resources */ = {isa = PBXBuildFile; fileRef = 133D4C80293DC0430047DC94 /* Busch.usdz */; };
		133D4C87293DC04C0047DC94 /* mcKelvey Hall.usdz in Resources */ = {isa = PBXBuildFile; fileRef = 133D4C86293DC04C0047DC94 /* mcKelvey Hall.usdz */; };
		9B750BF4293878FB00521C73 /* building list.plist in Resources */ = {isa = PBXBuildFile; fileRef = 9B750BF3293878FB00521C73 /* building list.plist */; };
		9BC2C79729118DB3008A678F /* AppDelegate.swift in Sources */ = {isa = PBXBuildFile; fileRef = 9BC2C79629118DB3008A678F /* AppDelegate.swift */; };
		9BC2C79929118DB3008A678F /* SceneDelegate.swift in Sources */ = {isa = PBXBuildFile; fileRef = 9BC2C79829118DB3008A678F /* SceneDelegate.swift */; };
		9BC2C79B29118DB3008A678F /* ViewController.swift in Sources */ = {isa = PBXBuildFile; fileRef = 9BC2C79A29118DB3008A678F /* ViewController.swift */; };
		9BC2C79E29118DB3008A678F /* Main.storyboard in Resources */ = {isa = PBXBuildFile; fileRef = 9BC2C79C29118DB3008A678F /* Main.storyboard */; };
		9BC2C7A029118DB5008A678F /* Assets.xcassets in Resources */ = {isa = PBXBuildFile; fileRef = 9BC2C79F29118DB5008A678F /* Assets.xcassets */; };
		9BC2C7A329118DB5008A678F /* LaunchScreen.storyboard in Resources */ = {isa = PBXBuildFile; fileRef = 9BC2C7A129118DB5008A678F /* LaunchScreen.storyboard */; };
		9BDEF8AB291B228800F11C9D /* MapViewController.swift in Sources */ = {isa = PBXBuildFile; fileRef = 9BDEF8AA291B228800F11C9D /* MapViewController.swift */; };
		9BDEF8AD291B22CC00F11C9D /* SearchViewController.swift in Sources */ = {isa = PBXBuildFile; fileRef = 9BDEF8AC291B22CC00F11C9D /* SearchViewController.swift */; };
		9BDEF8AF291B22DD00F11C9D /* CalendarViewController.swift in Sources */ = {isa = PBXBuildFile; fileRef = 9BDEF8AE291B22DD00F11C9D /* CalendarViewController.swift */; };
		9BDEF8B1291B234900F11C9D /* CalendarObject.swift in Sources */ = {isa = PBXBuildFile; fileRef = 9BDEF8B0291B234900F11C9D /* CalendarObject.swift */; };
		E23EEF7E293D4D74003C8A1C /* HelpViewController.swift in Sources */ = {isa = PBXBuildFile; fileRef = E23EEF7D293D4D74003C8A1C /* HelpViewController.swift */; };
		E23EEF80293D5CE4003C8A1C /* CollectionViewCell.swift in Sources */ = {isa = PBXBuildFile; fileRef = E23EEF7F293D5CE4003C8A1C /* CollectionViewCell.swift */; };
/* End PBXBuildFile section */

/* Begin PBXFileReference section */
		0B0518E0291B3E9F0056EC90 /* ClassViewController.swift */ = {isa = PBXFileReference; lastKnownFileType = sourcecode.swift; path = ClassViewController.swift; sourceTree = "<group>"; };
		133D4C65293DB3970047DC94 /* Utilities */ = {isa = PBXFileReference; lastKnownFileType = folder; path = Utilities; sourceTree = "<group>"; };
		133D4C67293DB4800047DC94 /* DataModel */ = {isa = PBXFileReference; lastKnownFileType = folder; path = DataModel; sourceTree = "<group>"; };
		133D4C69293DB4A50047DC94 /* ARScene */ = {isa = PBXFileReference; lastKnownFileType = folder; path = ARScene; sourceTree = "<group>"; };
		133D4C6B293DB4E50047DC94 /* AppStateController */ = {isa = PBXFileReference; lastKnownFileType = folder; path = AppStateController; sourceTree = "<group>"; };
		133D4C6D293DB5170047DC94 /* Settings */ = {isa = PBXFileReference; lastKnownFileType = folder; path = Settings; sourceTree = "<group>"; };
		133D4C72293DC0230047DC94 /* Sumers Welcome Center.usdz */ = {isa = PBXFileReference; lastKnownFileType = file.usdz; path = "Sumers Welcome Center.usdz"; sourceTree = "<group>"; };
		133D4C73293DC0230047DC94 /* Weil Hall.usdz */ = {isa = PBXFileReference; lastKnownFileType = file.usdz; path = "Weil Hall.usdz"; sourceTree = "<group>"; };
		133D4C74293DC0230047DC94 /* Parkside Cafe.usdz */ = {isa = PBXFileReference; lastKnownFileType = file.usdz; path = "Parkside Cafe.usdz"; sourceTree = "<group>"; };
		133D4C75293DC0240047DC94 /* Hillman Hall.usdz */ = {isa = PBXFileReference; lastKnownFileType = file.usdz; path = "Hillman Hall.usdz"; sourceTree = "<group>"; };
		133D4C76293DC0240047DC94 /* Kemper.usdz */ = {isa = PBXFileReference; lastKnownFileType = file.usdz; path = Kemper.usdz; sourceTree = "<group>"; };
		133D4C7C293DC0430047DC94 /* Rudolph Hall.usdz */ = {isa = PBXFileReference; lastKnownFileType = file.usdz; path = "Rudolph Hall.usdz"; sourceTree = "<group>"; };
		133D4C7D293DC0430047DC94 /* Ridgley Hall.usdz */ = {isa = PBXFileReference; lastKnownFileType = file.usdz; path = "Ridgley Hall.usdz"; sourceTree = "<group>"; };
		133D4C7E293DC0430047DC94 /* Cupples.usdz */ = {isa = PBXFileReference; lastKnownFileType = file.usdz; path = Cupples.usdz; sourceTree = "<group>"; };
		133D4C7F293DC0430047DC94 /* Whitaker Hall.usdz */ = {isa = PBXFileReference; lastKnownFileType = file.usdz; path = "Whitaker Hall.usdz"; sourceTree = "<group>"; };
		133D4C80293DC0430047DC94 /* Busch.usdz */ = {isa = PBXFileReference; lastKnownFileType = file.usdz; path = Busch.usdz; sourceTree = "<group>"; };
		133D4C86293DC04C0047DC94 /* mcKelvey Hall.usdz */ = {isa = PBXFileReference; lastKnownFileType = file.usdz; path = "mcKelvey Hall.usdz"; sourceTree = "<group>"; };
		134DCC63291B240300DF927F /* README.md */ = {isa = PBXFileReference; lastKnownFileType = net.daringfireball.markdown; path = README.md; sourceTree = "<group>"; };
		9B750BF3293878FB00521C73 /* building list.plist */ = {isa = PBXFileReference; lastKnownFileType = file.bplist; path = "building list.plist"; sourceTree = "<group>"; };
		9BC2C79329118DB3008A678F /* 438-final-project.app */ = {isa = PBXFileReference; explicitFileType = wrapper.application; includeInIndex = 0; path = "438-final-project.app"; sourceTree = BUILT_PRODUCTS_DIR; };
		9BC2C79629118DB3008A678F /* AppDelegate.swift */ = {isa = PBXFileReference; lastKnownFileType = sourcecode.swift; path = AppDelegate.swift; sourceTree = "<group>"; };
		9BC2C79829118DB3008A678F /* SceneDelegate.swift */ = {isa = PBXFileReference; lastKnownFileType = sourcecode.swift; path = SceneDelegate.swift; sourceTree = "<group>"; };
		9BC2C79A29118DB3008A678F /* ViewController.swift */ = {isa = PBXFileReference; lastKnownFileType = sourcecode.swift; path = ViewController.swift; sourceTree = "<group>"; };
		9BC2C79D29118DB3008A678F /* Base */ = {isa = PBXFileReference; lastKnownFileType = file.storyboard; name = Base; path = Base.lproj/Main.storyboard; sourceTree = "<group>"; };
		9BC2C79F29118DB5008A678F /* Assets.xcassets */ = {isa = PBXFileReference; lastKnownFileType = folder.assetcatalog; path = Assets.xcassets; sourceTree = "<group>"; };
		9BC2C7A229118DB5008A678F /* Base */ = {isa = PBXFileReference; lastKnownFileType = file.storyboard; name = Base; path = Base.lproj/LaunchScreen.storyboard; sourceTree = "<group>"; };
		9BC2C7A429118DB5008A678F /* Info.plist */ = {isa = PBXFileReference; lastKnownFileType = text.plist.xml; path = Info.plist; sourceTree = "<group>"; };
		9BDEF8AA291B228800F11C9D /* MapViewController.swift */ = {isa = PBXFileReference; lastKnownFileType = sourcecode.swift; path = MapViewController.swift; sourceTree = "<group>"; };
		9BDEF8AC291B22CC00F11C9D /* SearchViewController.swift */ = {isa = PBXFileReference; lastKnownFileType = sourcecode.swift; path = SearchViewController.swift; sourceTree = "<group>"; };
		9BDEF8AE291B22DD00F11C9D /* CalendarViewController.swift */ = {isa = PBXFileReference; lastKnownFileType = sourcecode.swift; path = CalendarViewController.swift; sourceTree = "<group>"; };
		9BDEF8B0291B234900F11C9D /* CalendarObject.swift */ = {isa = PBXFileReference; lastKnownFileType = sourcecode.swift; path = CalendarObject.swift; sourceTree = "<group>"; };
		E23EEF7D293D4D74003C8A1C /* HelpViewController.swift */ = {isa = PBXFileReference; lastKnownFileType = sourcecode.swift; path = HelpViewController.swift; sourceTree = "<group>"; };
		E23EEF7F293D5CE4003C8A1C /* CollectionViewCell.swift */ = {isa = PBXFileReference; lastKnownFileType = sourcecode.swift; path = CollectionViewCell.swift; sourceTree = "<group>"; };
/* End PBXFileReference section */

/* Begin PBXFrameworksBuildPhase section */
		9BC2C79029118DB3008A678F /* Frameworks */ = {
			isa = PBXFrameworksBuildPhase;
			buildActionMask = 2147483647;
			files = (
			);
			runOnlyForDeploymentPostprocessing = 0;
		};
/* End PBXFrameworksBuildPhase section */

/* Begin PBXGroup section */
		133D4C71293DBFC50047DC94 /* ModelAssets */ = {
			isa = PBXGroup;
			children = (
				133D4C86293DC04C0047DC94 /* mcKelvey Hall.usdz */,
				133D4C80293DC0430047DC94 /* Busch.usdz */,
				133D4C7E293DC0430047DC94 /* Cupples.usdz */,
				133D4C7D293DC0430047DC94 /* Ridgley Hall.usdz */,
				133D4C7C293DC0430047DC94 /* Rudolph Hall.usdz */,
				133D4C7F293DC0430047DC94 /* Whitaker Hall.usdz */,
				133D4C75293DC0240047DC94 /* Hillman Hall.usdz */,
				133D4C76293DC0240047DC94 /* Kemper.usdz */,
				133D4C74293DC0230047DC94 /* Parkside Cafe.usdz */,
				133D4C72293DC0230047DC94 /* Sumers Welcome Center.usdz */,
				133D4C73293DC0230047DC94 /* Weil Hall.usdz */,
			);
			path = ModelAssets;
			sourceTree = "<group>";
		};
		9BC2C78A29118DB3008A678F = {
			isa = PBXGroup;
			children = (
				9BDEF8B0291B234900F11C9D /* CalendarObject.swift */,
				9BC2C79529118DB3008A678F /* 438-final-project */,
				9BC2C79429118DB3008A678F /* Products */,
			);
			sourceTree = "<group>";
		};
		9BC2C79429118DB3008A678F /* Products */ = {
			isa = PBXGroup;
			children = (
				9BC2C79329118DB3008A678F /* 438-final-project.app */,
			);
			name = Products;
			sourceTree = "<group>";
		};
		9BC2C79529118DB3008A678F /* 438-final-project */ = {
			isa = PBXGroup;
			children = (
				133D4C71293DBFC50047DC94 /* ModelAssets */,
				133D4C6D293DB5170047DC94 /* Settings */,
				133D4C6B293DB4E50047DC94 /* AppStateController */,
				133D4C69293DB4A50047DC94 /* ARScene */,
				133D4C65293DB3970047DC94 /* Utilities */,
				9BC2C79629118DB3008A678F /* AppDelegate.swift */,
				9BC2C79829118DB3008A678F /* SceneDelegate.swift */,
				9BC2C79A29118DB3008A678F /* ViewController.swift */,
				9B750BF3293878FB00521C73 /* building list.plist */,
				9BDEF8AA291B228800F11C9D /* MapViewController.swift */,
				9BDEF8AC291B22CC00F11C9D /* SearchViewController.swift */,
				9BDEF8AE291B22DD00F11C9D /* CalendarViewController.swift */,
				133D4C67293DB4800047DC94 /* DataModel */,
				0B0518E0291B3E9F0056EC90 /* ClassViewController.swift */,
				9BC2C79C29118DB3008A678F /* Main.storyboard */,
				E23EEF7D293D4D74003C8A1C /* HelpViewController.swift */,
				E23EEF7F293D5CE4003C8A1C /* CollectionViewCell.swift */,
				9BC2C79F29118DB5008A678F /* Assets.xcassets */,
				9BC2C7A129118DB5008A678F /* LaunchScreen.storyboard */,
				9BC2C7A429118DB5008A678F /* Info.plist */,
				134DCC63291B240300DF927F /* README.md */,
			);
			path = "438-final-project";
			sourceTree = "<group>";
		};
/* End PBXGroup section */

/* Begin PBXNativeTarget section */
		9BC2C79229118DB3008A678F /* 438-final-project */ = {
			isa = PBXNativeTarget;
			buildConfigurationList = 9BC2C7A729118DB5008A678F /* Build configuration list for PBXNativeTarget "438-final-project" */;
			buildPhases = (
				9BC2C78F29118DB3008A678F /* Sources */,
				9BC2C79029118DB3008A678F /* Frameworks */,
				9BC2C79129118DB3008A678F /* Resources */,
			);
			buildRules = (
			);
			dependencies = (
			);
			name = "438-final-project";
			productName = "438-final-project";
			productReference = 9BC2C79329118DB3008A678F /* 438-final-project.app */;
			productType = "com.apple.product-type.application";
		};
/* End PBXNativeTarget section */

/* Begin PBXProject section */
		9BC2C78B29118DB3008A678F /* Project object */ = {
			isa = PBXProject;
			attributes = {
				BuildIndependentTargetsInParallel = 1;
				LastSwiftUpdateCheck = 1340;
				LastUpgradeCheck = 1340;
				TargetAttributes = {
					9BC2C79229118DB3008A678F = {
						CreatedOnToolsVersion = 13.4.1;
					};
				};
			};
			buildConfigurationList = 9BC2C78E29118DB3008A678F /* Build configuration list for PBXProject "438-final-project" */;
			compatibilityVersion = "Xcode 13.0";
			developmentRegion = en;
			hasScannedForEncodings = 0;
			knownRegions = (
				en,
				Base,
			);
			mainGroup = 9BC2C78A29118DB3008A678F;
			productRefGroup = 9BC2C79429118DB3008A678F /* Products */;
			projectDirPath = "";
			projectRoot = "";
			targets = (
				9BC2C79229118DB3008A678F /* 438-final-project */,
			);
		};
/* End PBXProject section */

/* Begin PBXResourcesBuildPhase section */
		9BC2C79129118DB3008A678F /* Resources */ = {
			isa = PBXResourcesBuildPhase;
			buildActionMask = 2147483647;
			files = (
				9BC2C7A329118DB5008A678F /* LaunchScreen.storyboard in Resources */,
				133D4C6C293DB4E60047DC94 /* AppStateController in Resources */,
				133D4C83293DC0430047DC94 /* Cupples.usdz in Resources */,
				133D4C78293DC0240047DC94 /* Weil Hall.usdz in Resources */,
				9BC2C7A029118DB5008A678F /* Assets.xcassets in Resources */,
				9BC2C79E29118DB3008A678F /* Main.storyboard in Resources */,
				133D4C77293DC0240047DC94 /* Sumers Welcome Center.usdz in Resources */,
				133D4C82293DC0430047DC94 /* Ridgley Hall.usdz in Resources */,
				133D4C66293DB3970047DC94 /* Utilities in Resources */,
				133D4C81293DC0430047DC94 /* Rudolph Hall.usdz in Resources */,
				133D4C7A293DC0240047DC94 /* Hillman Hall.usdz in Resources */,
				9B750BF4293878FB00521C73 /* building list.plist in Resources */,
				133D4C7B293DC0240047DC94 /* Kemper.usdz in Resources */,
				133D4C79293DC0240047DC94 /* Parkside Cafe.usdz in Resources */,
				133D4C84293DC0430047DC94 /* Whitaker Hall.usdz in Resources */,
				133D4C68293DB4800047DC94 /* DataModel in Resources */,
				133D4C6E293DB5170047DC94 /* Settings in Resources */,
				133D4C85293DC0430047DC94 /* Busch.usdz in Resources */,
				133D4C6A293DB4A50047DC94 /* ARScene in Resources */,
				133D4C87293DC04C0047DC94 /* mcKelvey Hall.usdz in Resources */,
			);
			runOnlyForDeploymentPostprocessing = 0;
		};
/* End PBXResourcesBuildPhase section */

/* Begin PBXSourcesBuildPhase section */
		9BC2C78F29118DB3008A678F /* Sources */ = {
			isa = PBXSourcesBuildPhase;
			buildActionMask = 2147483647;
			files = (
				E23EEF80293D5CE4003C8A1C /* CollectionViewCell.swift in Sources */,
				9BDEF8AD291B22CC00F11C9D /* SearchViewController.swift in Sources */,
				0B0518E1291B3E9F0056EC90 /* ClassViewController.swift in Sources */,
				9BC2C79B29118DB3008A678F /* ViewController.swift in Sources */,
				9BDEF8AF291B22DD00F11C9D /* CalendarViewController.swift in Sources */,
				E23EEF7E293D4D74003C8A1C /* HelpViewController.swift in Sources */,
				9BC2C79729118DB3008A678F /* AppDelegate.swift in Sources */,
				9BDEF8B1291B234900F11C9D /* CalendarObject.swift in Sources */,
				9BC2C79929118DB3008A678F /* SceneDelegate.swift in Sources */,
				9BDEF8AB291B228800F11C9D /* MapViewController.swift in Sources */,
			);
			runOnlyForDeploymentPostprocessing = 0;
		};
/* End PBXSourcesBuildPhase section */

/* Begin PBXVariantGroup section */
		9BC2C79C29118DB3008A678F /* Main.storyboard */ = {
			isa = PBXVariantGroup;
			children = (
				9BC2C79D29118DB3008A678F /* Base */,
			);
			name = Main.storyboard;
			sourceTree = "<group>";
		};
		9BC2C7A129118DB5008A678F /* LaunchScreen.storyboard */ = {
			isa = PBXVariantGroup;
			children = (
				9BC2C7A229118DB5008A678F /* Base */,
			);
			name = LaunchScreen.storyboard;
			sourceTree = "<group>";
		};
/* End PBXVariantGroup section */

/* Begin XCBuildConfiguration section */
		9BC2C7A529118DB5008A678F /* Debug */ = {
			isa = XCBuildConfiguration;
			buildSettings = {
				ALWAYS_SEARCH_USER_PATHS = NO;
				CLANG_ANALYZER_NONNULL = YES;
				CLANG_ANALYZER_NUMBER_OBJECT_CONVERSION = YES_AGGRESSIVE;
				CLANG_CXX_LANGUAGE_STANDARD = "gnu++17";
				CLANG_ENABLE_MODULES = YES;
				CLANG_ENABLE_OBJC_ARC = YES;
				CLANG_ENABLE_OBJC_WEAK = YES;
				CLANG_WARN_BLOCK_CAPTURE_AUTORELEASING = YES;
				CLANG_WARN_BOOL_CONVERSION = YES;
				CLANG_WARN_COMMA = YES;
				CLANG_WARN_CONSTANT_CONVERSION = YES;
				CLANG_WARN_DEPRECATED_OBJC_IMPLEMENTATIONS = YES;
				CLANG_WARN_DIRECT_OBJC_ISA_USAGE = YES_ERROR;
				CLANG_WARN_DOCUMENTATION_COMMENTS = YES;
				CLANG_WARN_EMPTY_BODY = YES;
				CLANG_WARN_ENUM_CONVERSION = YES;
				CLANG_WARN_INFINITE_RECURSION = YES;
				CLANG_WARN_INT_CONVERSION = YES;
				CLANG_WARN_NON_LITERAL_NULL_CONVERSION = YES;
				CLANG_WARN_OBJC_IMPLICIT_RETAIN_SELF = YES;
				CLANG_WARN_OBJC_LITERAL_CONVERSION = YES;
				CLANG_WARN_OBJC_ROOT_CLASS = YES_ERROR;
				CLANG_WARN_QUOTED_INCLUDE_IN_FRAMEWORK_HEADER = YES;
				CLANG_WARN_RANGE_LOOP_ANALYSIS = YES;
				CLANG_WARN_STRICT_PROTOTYPES = YES;
				CLANG_WARN_SUSPICIOUS_MOVE = YES;
				CLANG_WARN_UNGUARDED_AVAILABILITY = YES_AGGRESSIVE;
				CLANG_WARN_UNREACHABLE_CODE = YES;
				CLANG_WARN__DUPLICATE_METHOD_MATCH = YES;
				COPY_PHASE_STRIP = NO;
				DEBUG_INFORMATION_FORMAT = dwarf;
				ENABLE_STRICT_OBJC_MSGSEND = YES;
				ENABLE_TESTABILITY = YES;
				GCC_C_LANGUAGE_STANDARD = gnu11;
				GCC_DYNAMIC_NO_PIC = NO;
				GCC_NO_COMMON_BLOCKS = YES;
				GCC_OPTIMIZATION_LEVEL = 0;
				GCC_PREPROCESSOR_DEFINITIONS = (
					"DEBUG=1",
					"$(inherited)",
				);
				GCC_WARN_64_TO_32_BIT_CONVERSION = YES;
				GCC_WARN_ABOUT_RETURN_TYPE = YES_ERROR;
				GCC_WARN_UNDECLARED_SELECTOR = YES;
				GCC_WARN_UNINITIALIZED_AUTOS = YES_AGGRESSIVE;
				GCC_WARN_UNUSED_FUNCTION = YES;
				GCC_WARN_UNUSED_VARIABLE = YES;
				IPHONEOS_DEPLOYMENT_TARGET = 15.5;
				MTL_ENABLE_DEBUG_INFO = INCLUDE_SOURCE;
				MTL_FAST_MATH = YES;
				ONLY_ACTIVE_ARCH = YES;
				SDKROOT = iphoneos;
				SWIFT_ACTIVE_COMPILATION_CONDITIONS = DEBUG;
				SWIFT_OPTIMIZATION_LEVEL = "-Onone";
			};
			name = Debug;
		};
		9BC2C7A629118DB5008A678F /* Release */ = {
			isa = XCBuildConfiguration;
			buildSettings = {
				ALWAYS_SEARCH_USER_PATHS = NO;
				CLANG_ANALYZER_NONNULL = YES;
				CLANG_ANALYZER_NUMBER_OBJECT_CONVERSION = YES_AGGRESSIVE;
				CLANG_CXX_LANGUAGE_STANDARD = "gnu++17";
				CLANG_ENABLE_MODULES = YES;
				CLANG_ENABLE_OBJC_ARC = YES;
				CLANG_ENABLE_OBJC_WEAK = YES;
				CLANG_WARN_BLOCK_CAPTURE_AUTORELEASING = YES;
				CLANG_WARN_BOOL_CONVERSION = YES;
				CLANG_WARN_COMMA = YES;
				CLANG_WARN_CONSTANT_CONVERSION = YES;
				CLANG_WARN_DEPRECATED_OBJC_IMPLEMENTATIONS = YES;
				CLANG_WARN_DIRECT_OBJC_ISA_USAGE = YES_ERROR;
				CLANG_WARN_DOCUMENTATION_COMMENTS = YES;
				CLANG_WARN_EMPTY_BODY = YES;
				CLANG_WARN_ENUM_CONVERSION = YES;
				CLANG_WARN_INFINITE_RECURSION = YES;
				CLANG_WARN_INT_CONVERSION = YES;
				CLANG_WARN_NON_LITERAL_NULL_CONVERSION = YES;
				CLANG_WARN_OBJC_IMPLICIT_RETAIN_SELF = YES;
				CLANG_WARN_OBJC_LITERAL_CONVERSION = YES;
				CLANG_WARN_OBJC_ROOT_CLASS = YES_ERROR;
				CLANG_WARN_QUOTED_INCLUDE_IN_FRAMEWORK_HEADER = YES;
				CLANG_WARN_RANGE_LOOP_ANALYSIS = YES;
				CLANG_WARN_STRICT_PROTOTYPES = YES;
				CLANG_WARN_SUSPICIOUS_MOVE = YES;
				CLANG_WARN_UNGUARDED_AVAILABILITY = YES_AGGRESSIVE;
				CLANG_WARN_UNREACHABLE_CODE = YES;
				CLANG_WARN__DUPLICATE_METHOD_MATCH = YES;
				COPY_PHASE_STRIP = NO;
				DEBUG_INFORMATION_FORMAT = "dwarf-with-dsym";
				ENABLE_NS_ASSERTIONS = NO;
				ENABLE_STRICT_OBJC_MSGSEND = YES;
				GCC_C_LANGUAGE_STANDARD = gnu11;
				GCC_NO_COMMON_BLOCKS = YES;
				GCC_WARN_64_TO_32_BIT_CONVERSION = YES;
				GCC_WARN_ABOUT_RETURN_TYPE = YES_ERROR;
				GCC_WARN_UNDECLARED_SELECTOR = YES;
				GCC_WARN_UNINITIALIZED_AUTOS = YES_AGGRESSIVE;
				GCC_WARN_UNUSED_FUNCTION = YES;
				GCC_WARN_UNUSED_VARIABLE = YES;
				IPHONEOS_DEPLOYMENT_TARGET = 15.5;
				MTL_ENABLE_DEBUG_INFO = NO;
				MTL_FAST_MATH = YES;
				SDKROOT = iphoneos;
				SWIFT_COMPILATION_MODE = wholemodule;
				SWIFT_OPTIMIZATION_LEVEL = "-O";
				VALIDATE_PRODUCT = YES;
			};
			name = Release;
		};
		9BC2C7A829118DB5008A678F /* Debug */ = {
			isa = XCBuildConfiguration;
			buildSettings = {
				ASSETCATALOG_COMPILER_APPICON_NAME = AppIcon;
				ASSETCATALOG_COMPILER_GLOBAL_ACCENT_COLOR_NAME = AccentColor;
				CODE_SIGN_STYLE = Automatic;
				CURRENT_PROJECT_VERSION = 1;
				DEVELOPMENT_TEAM = 8MP79UUYMJ;
				GENERATE_INFOPLIST_FILE = YES;
				INFOPLIST_FILE = "438-final-project/Info.plist";
				INFOPLIST_KEY_UIApplicationSupportsIndirectInputEvents = YES;
				INFOPLIST_KEY_UILaunchStoryboardName = LaunchScreen;
				INFOPLIST_KEY_UIMainStoryboardFile = Main;
				INFOPLIST_KEY_UISupportedInterfaceOrientations_iPad = "UIInterfaceOrientationPortrait UIInterfaceOrientationPortraitUpsideDown UIInterfaceOrientationLandscapeLeft UIInterfaceOrientationLandscapeRight";
				INFOPLIST_KEY_UISupportedInterfaceOrientations_iPhone = "UIInterfaceOrientationPortrait UIInterfaceOrientationLandscapeLeft UIInterfaceOrientationLandscapeRight";
				LD_RUNPATH_SEARCH_PATHS = (
					"$(inherited)",
					"@executable_path/Frameworks",
				);
				MARKETING_VERSION = 1.0;
				PRODUCT_BUNDLE_IDENTIFIER = "Wustl-cse-438.-38-final-project";
				PRODUCT_NAME = "$(TARGET_NAME)";
				SWIFT_EMIT_LOC_STRINGS = YES;
				SWIFT_VERSION = 5.0;
				TARGETED_DEVICE_FAMILY = "1,2";
			};
			name = Debug;
		};
		9BC2C7A929118DB5008A678F /* Release */ = {
			isa = XCBuildConfiguration;
			buildSettings = {
				ASSETCATALOG_COMPILER_APPICON_NAME = AppIcon;
				ASSETCATALOG_COMPILER_GLOBAL_ACCENT_COLOR_NAME = AccentColor;
				CODE_SIGN_STYLE = Automatic;
				CURRENT_PROJECT_VERSION = 1;
				DEVELOPMENT_TEAM = 8MP79UUYMJ;
				GENERATE_INFOPLIST_FILE = YES;
				INFOPLIST_FILE = "438-final-project/Info.plist";
				INFOPLIST_KEY_UIApplicationSupportsIndirectInputEvents = YES;
				INFOPLIST_KEY_UILaunchStoryboardName = LaunchScreen;
				INFOPLIST_KEY_UIMainStoryboardFile = Main;
				INFOPLIST_KEY_UISupportedInterfaceOrientations_iPad = "UIInterfaceOrientationPortrait UIInterfaceOrientationPortraitUpsideDown UIInterfaceOrientationLandscapeLeft UIInterfaceOrientationLandscapeRight";
				INFOPLIST_KEY_UISupportedInterfaceOrientations_iPhone = "UIInterfaceOrientationPortrait UIInterfaceOrientationLandscapeLeft UIInterfaceOrientationLandscapeRight";
				LD_RUNPATH_SEARCH_PATHS = (
					"$(inherited)",
					"@executable_path/Frameworks",
				);
				MARKETING_VERSION = 1.0;
				PRODUCT_BUNDLE_IDENTIFIER = "Wustl-cse-438.-38-final-project";
				PRODUCT_NAME = "$(TARGET_NAME)";
				SWIFT_EMIT_LOC_STRINGS = YES;
				SWIFT_VERSION = 5.0;
				TARGETED_DEVICE_FAMILY = "1,2";
			};
			name = Release;
		};
/* End XCBuildConfiguration section */

/* Begin XCConfigurationList section */
		9BC2C78E29118DB3008A678F /* Build configuration list for PBXProject "438-final-project" */ = {
			isa = XCConfigurationList;
			buildConfigurations = (
				9BC2C7A529118DB5008A678F /* Debug */,
				9BC2C7A629118DB5008A678F /* Release */,
			);
			defaultConfigurationIsVisible = 0;
			defaultConfigurationName = Release;
		};
		9BC2C7A729118DB5008A678F /* Build configuration list for PBXNativeTarget "438-final-project" */ = {
			isa = XCConfigurationList;
			buildConfigurations = (
				9BC2C7A829118DB5008A678F /* Debug */,
				9BC2C7A929118DB5008A678F /* Release */,
			);
			defaultConfigurationIsVisible = 0;
			defaultConfigurationName = Release;
		};
/* End XCConfigurationList section */
	};
	rootObject = 9BC2C78B29118DB3008A678F /* Project object */;
}
